{
  "name": "iterperf",
  "version": "0.0.1",
  "lockfileVersion": 2,
  "requires": true,
  "packages": {
    "": {
      "version": "0.0.1",
      "license": "ISC",
      "dependencies": {
        "chart.js-image": "^6.0.3"
      }
    },
    "node_modules/chart.js-image": {
      "version": "6.0.3",
      "resolved": "https://registry.npmjs.org/chart.js-image/-/chart.js-image-6.0.3.tgz",
      "integrity": "sha512-Gu+6+OCr0eb4i4UoQTfD8tsSFxYE2sbtBUZZQ8+m7/n7W/JeaIhxdEP1vuQ4Qtrg4jBcWKqDW8S8aWJJJd0VWQ==",
      "dependencies": {
        "javascript-stringify": "2.0.1",
        "node-fetch": "2.6.0"
      },
      "engines": {
        "node": ">12"
      }
    },
    "node_modules/javascript-stringify": {
      "version": "2.0.1",
      "resolved": "https://registry.npmjs.org/javascript-stringify/-/javascript-stringify-2.0.1.tgz",
      "integrity": "sha512-yV+gqbd5vaOYjqlbk16EG89xB5udgjqQF3C5FAORDg4f/IS1Yc5ERCv5e/57yBcfJYw05V5JyIXabhwb75Xxow=="
    },
    "node_modules/node-fetch": {
      "version": "2.6.0",
      "resolved": "https://registry.npmjs.org/node-fetch/-/node-fetch-2.6.0.tgz",
      "integrity": "sha512-8dG4H5ujfvFiqDmVu9fQ5bOHUC15JMjMY/Zumv26oOvvVJjM67KF8koCWIabKQ1GJIa9r2mMZscBq/TbdOcmNA==",
      "engines": {
        "node": "4.x || >=6.0.0"
      }
    }
  },
  "dependencies": {
    "chart.js-image": {
      "version": "6.0.3",
      "resolved": "https://registry.npmjs.org/chart.js-image/-/chart.js-image-6.0.3.tgz",
      "integrity": "sha512-Gu+6+OCr0eb4i4UoQTfD8tsSFxYE2sbtBUZZQ8+m7/n7W/JeaIhxdEP1vuQ4Qtrg4jBcWKqDW8S8aWJJJd0VWQ==",
      "requires": {
        "javascript-stringify": "2.0.1",
        "node-fetch": "2.6.0"
      }
    },
    "javascript-stringify": {
      "version": "2.0.1",
      "resolved": "https://registry.npmjs.org/javascript-stringify/-/javascript-stringify-2.0.1.tgz",
      "integrity": "sha512-yV+gqbd5vaOYjqlbk16EG89xB5udgjqQF3C5FAORDg4f/IS1Yc5ERCv5e/57yBcfJYw05V5JyIXabhwb75Xxow=="
    },
    "node-fetch": {
      "version": "2.6.0",
      "resolved": "https://registry.npmjs.org/node-fetch/-/node-fetch-2.6.0.tgz",
      "integrity": "sha512-8dG4H5ujfvFiqDmVu9fQ5bOHUC15JMjMY/Zumv26oOvvVJjM67KF8koCWIabKQ1GJIa9r2mMZscBq/TbdOcmNA=="
    }
  }
}
